
Microsoft Visual Studio Solution File, Format Version 12.00
# Visual Studio Version 17
VisualStudioVersion = 17.14.36119.2
MinimumVisualStudioVersion = 10.0.40219.1
Project("{FAE04EC0-301F-11D3-BF4B-00C04F79EFBC}") = "Telegrator", "Telegrator\Telegrator.csproj", "{12D1D209-6473-4F58-BD66-846F0D85F6FD}"
EndProject
Project("{FAE04EC0-301F-11D3-BF4B-00C04F79EFBC}") = "Telegrator.Hosting", "Telegrator.Hosting\Telegrator.Hosting.csproj", "{C4C25E5F-5B8D-4E87-B474-DBAFD70BE1E1}"
EndProject
Project("{FAE04EC0-301F-11D3-BF4B-00C04F79EFBC}") = "Telegrator.Tests", "Telegrator.Tests\Telegrator.Tests.csproj", "{0926C71D-FE0C-4963-B08B-1CBAFF1E3276}"
EndProject
Project("{2150E333-8FDC-42A3-9474-1A3956D46DE8}") = "Solution Items", "Solution Items", "{36D591C7-65C7-A0D1-1CBC-10CDE441BDC8}"
	ProjectSection(SolutionItems) = preProject
		.editorconfig = .editorconfig
	EndProjectSection
EndProject
Project("{FAE04EC0-301F-11D3-BF4B-00C04F79EFBC}") = "Telegrator.Analyzers", "Telegrator.Analyzers\Telegrator.Analyzers.csproj", "{8B6A32EA-ECF7-4CAB-A1E5-2392063C986D}"
EndProject
Project("{FAE04EC0-301F-11D3-BF4B-00C04F79EFBC}") = "Telegrator.Hosting.Web", "Telegrator.Hosting.Web\Telegrator.Hosting.Web.csproj", "{98AB490F-6A36-CCFF-F6E6-B029D1665965}"
EndProject
Project("{FAE04EC0-301F-11D3-BF4B-00C04F79EFBC}") = "Telegrator.RoslynGenerators", "dev\Telegrator.RoslynGenerators\Telegrator.RoslynGenerators.csproj", "{93658B7F-C651-4C78-2CB1-2C0AE00C45B5}"
EndProject
Global
	GlobalSection(SolutionConfigurationPlatforms) = preSolution
		AnalyzersDebug|Any CPU = AnalyzersDebug|Any CPU
		Debug|Any CPU = Debug|Any CPU
		Release|Any CPU = Release|Any CPU
	EndGlobalSection
	GlobalSection(ProjectConfigurationPlatforms) = postSolution
		{12D1D209-6473-4F58-BD66-846F0D85F6FD}.AnalyzersDebug|Any CPU.ActiveCfg = AnalyzersDebug|Any CPU
		{12D1D209-6473-4F58-BD66-846F0D85F6FD}.AnalyzersDebug|Any CPU.Build.0 = AnalyzersDebug|Any CPU
		{12D1D209-6473-4F58-BD66-846F0D85F6FD}.Debug|Any CPU.ActiveCfg = Debug|Any CPU
		{12D1D209-6473-4F58-BD66-846F0D85F6FD}.Debug|Any CPU.Build.0 = Debug|Any CPU
		{12D1D209-6473-4F58-BD66-846F0D85F6FD}.Release|Any CPU.ActiveCfg = Release|Any CPU
		{12D1D209-6473-4F58-BD66-846F0D85F6FD}.Release|Any CPU.Build.0 = Release|Any CPU
		{C4C25E5F-5B8D-4E87-B474-DBAFD70BE1E1}.AnalyzersDebug|Any CPU.ActiveCfg = AnalyzersDebug|Any CPU
		{C4C25E5F-5B8D-4E87-B474-DBAFD70BE1E1}.AnalyzersDebug|Any CPU.Build.0 = AnalyzersDebug|Any CPU
		{C4C25E5F-5B8D-4E87-B474-DBAFD70BE1E1}.Debug|Any CPU.ActiveCfg = Debug|Any CPU
		{C4C25E5F-5B8D-4E87-B474-DBAFD70BE1E1}.Debug|Any CPU.Build.0 = Debug|Any CPU
		{C4C25E5F-5B8D-4E87-B474-DBAFD70BE1E1}.Release|Any CPU.ActiveCfg = Release|Any CPU
		{C4C25E5F-5B8D-4E87-B474-DBAFD70BE1E1}.Release|Any CPU.Build.0 = Release|Any CPU
		{0926C71D-FE0C-4963-B08B-1CBAFF1E3276}.AnalyzersDebug|Any CPU.ActiveCfg = AnalyzersDebug|Any CPU
		{0926C71D-FE0C-4963-B08B-1CBAFF1E3276}.AnalyzersDebug|Any CPU.Build.0 = AnalyzersDebug|Any CPU
		{0926C71D-FE0C-4963-B08B-1CBAFF1E3276}.Debug|Any CPU.ActiveCfg = Debug|Any CPU
		{0926C71D-FE0C-4963-B08B-1CBAFF1E3276}.Debug|Any CPU.Build.0 = Debug|Any CPU
		{0926C71D-FE0C-4963-B08B-1CBAFF1E3276}.Release|Any CPU.ActiveCfg = Release|Any CPU
		{0926C71D-FE0C-4963-B08B-1CBAFF1E3276}.Release|Any CPU.Build.0 = Release|Any CPU
		{8B6A32EA-ECF7-4CAB-A1E5-2392063C986D}.AnalyzersDebug|Any CPU.ActiveCfg = Release|Any CPU
		{8B6A32EA-ECF7-4CAB-A1E5-2392063C986D}.AnalyzersDebug|Any CPU.Build.0 = Release|Any CPU
		{8B6A32EA-ECF7-4CAB-A1E5-2392063C986D}.Debug|Any CPU.ActiveCfg = Debug|Any CPU
		{8B6A32EA-ECF7-4CAB-A1E5-2392063C986D}.Debug|Any CPU.Build.0 = Debug|Any CPU
		{8B6A32EA-ECF7-4CAB-A1E5-2392063C986D}.Release|Any CPU.ActiveCfg = Release|Any CPU
		{8B6A32EA-ECF7-4CAB-A1E5-2392063C986D}.Release|Any CPU.Build.0 = Release|Any CPU
		{98AB490F-6A36-CCFF-F6E6-B029D1665965}.AnalyzersDebug|Any CPU.ActiveCfg = Release|Any CPU
		{98AB490F-6A36-CCFF-F6E6-B029D1665965}.AnalyzersDebug|Any CPU.Build.0 = Release|Any CPU
		{98AB490F-6A36-CCFF-F6E6-B029D1665965}.Debug|Any CPU.ActiveCfg = Debug|Any CPU
		{98AB490F-6A36-CCFF-F6E6-B029D1665965}.Debug|Any CPU.Build.0 = Debug|Any CPU
		{98AB490F-6A36-CCFF-F6E6-B029D1665965}.Release|Any CPU.ActiveCfg = Release|Any CPU
		{98AB490F-6A36-CCFF-F6E6-B029D1665965}.Release|Any CPU.Build.0 = Release|Any CPU
		{93658B7F-C651-4C78-2CB1-2C0AE00C45B5}.AnalyzersDebug|Any CPU.ActiveCfg = AnalyzersDebug|Any CPU
		{93658B7F-C651-4C78-2CB1-2C0AE00C45B5}.AnalyzersDebug|Any CPU.Build.0 = AnalyzersDebug|Any CPU
		{93658B7F-C651-4C78-2CB1-2C0AE00C45B5}.Debug|Any CPU.ActiveCfg = Debug|Any CPU
		{93658B7F-C651-4C78-2CB1-2C0AE00C45B5}.Debug|Any CPU.Build.0 = Debug|Any CPU
		{93658B7F-C651-4C78-2CB1-2C0AE00C45B5}.Release|Any CPU.ActiveCfg = Release|Any CPU
		{93658B7F-C651-4C78-2CB1-2C0AE00C45B5}.Release|Any CPU.Build.0 = Release|Any CPU
	EndGlobalSection
	GlobalSection(SolutionProperties) = preSolution
		HideSolutionNode = FALSE
	EndGlobalSection
	GlobalSection(ExtensibilityGlobals) = postSolution
		SolutionGuid = {951FEB3F-5B9A-4731-A828-3486D9FE4939}
	EndGlobalSection
EndGlobal
